
Microsoft Visual Studio Solution File, Format Version 12.00
# Visual Studio Version 17
VisualStudioVersion = 17.11.35327.3
MinimumVisualStudioVersion = 10.0.40219.1
Project("{F184B08F-C81C-45F6-A57F-5ABD9991F28F}") = "livre de rayen", "livre de rayen.vbproj", "{E3844F34-8430-4D44-AFD7-D9398676A06A}"
EndProject
Global
	GlobalSection(SolutionConfigurationPlatforms) = preSolution
		Debug|Any CPU = Debug|Any CPU
		Release|Any CPU = Release|Any CPU
	EndGlobalSection
	GlobalSection(ProjectConfigurationPlatforms) = postSolution
		{E3844F34-8430-4D44-AFD7-D9398676A06A}.Debug|Any CPU.ActiveCfg = Debug|Any CPU
		{E3844F34-8430-4D44-AFD7-D9398676A06A}.Debug|Any CPU.Build.0 = Debug|Any CPU
		{E3844F34-8430-4D44-AFD7-D9398676A06A}.Release|Any CPU.ActiveCfg = Release|Any CPU
		{E3844F34-8430-4D44-AFD7-D9398676A06A}.Release|Any CPU.Build.0 = Release|Any CPU
	EndGlobalSection
	GlobalSection(SolutionProperties) = preSolution
		HideSolutionNode = FALSE
	EndGlobalSection
	GlobalSection(ExtensibilityGlobals) = postSolution
		SolutionGuid = {7A6E7754-E656-4E07-ABB9-422F4C29B4BE}
	EndGlobalSection
EndGlobal
